
Microsoft Visual Studio Solution File, Format Version 12.00
# Visual Studio 15
VisualStudioVersion = 15.0.28010.2050
MinimumVisualStudioVersion = 10.0.40219.1
Project("{FAE04EC0-301F-11D3-BF4B-00C04F79EFBC}") = "FluidNGPermissionGranter", "FluidNGPermissionGranter\FluidNGPermissionGranter.csproj", "{F4ACF5AD-DE73-4784-815A-B1A7ADA3AF4A}"
EndProject
Global
	GlobalSection(SolutionConfigurationPlatforms) = preSolution
		Debug|Any CPU = Debug|Any CPU
		Release|Any CPU = Release|Any CPU
	EndGlobalSection
	GlobalSection(ProjectConfigurationPlatforms) = postSolution
		{F4ACF5AD-DE73-4784-815A-B1A7ADA3AF4A}.Debug|Any CPU.ActiveCfg = Debug|Any CPU
		{F4ACF5AD-DE73-4784-815A-B1A7ADA3AF4A}.Debug|Any CPU.Build.0 = Debug|Any CPU
		{F4ACF5AD-DE73-4784-815A-B1A7ADA3AF4A}.Release|Any CPU.ActiveCfg = Release|Any CPU
		{F4ACF5AD-DE73-4784-815A-B1A7ADA3AF4A}.Release|Any CPU.Build.0 = Release|Any CPU
	EndGlobalSection
	GlobalSection(SolutionProperties) = preSolution
		HideSolutionNode = FALSE
	EndGlobalSection
	GlobalSection(ExtensibilityGlobals) = postSolution
		SolutionGuid = {72BE1FA2-9B99-460A-B011-D1F641518E3B}
	EndGlobalSection
EndGlobal
